
Microsoft Visual Studio Solution File, Format Version 12.00
# Visual Studio Version 17
VisualStudioVersion = 17.6.33829.357
MinimumVisualStudioVersion = 10.0.40219.1
Project("{FAE04EC0-301F-11D3-BF4B-00C04F79EFBC}") = "Unit 1 Project", "Unit 1 Project\Unit 1 Project.csproj", "{CEA87938-40E7-4DE1-AE94-E9CC9B158C24}"
EndProject
Global
	GlobalSection(SolutionConfigurationPlatforms) = preSolution
		Debug|Any CPU = Debug|Any CPU
		Release|Any CPU = Release|Any CPU
	EndGlobalSection
	GlobalSection(ProjectConfigurationPlatforms) = postSolution
		{CEA87938-40E7-4DE1-AE94-E9CC9B158C24}.Debug|Any CPU.ActiveCfg = Debug|Any CPU
		{CEA87938-40E7-4DE1-AE94-E9CC9B158C24}.Debug|Any CPU.Build.0 = Debug|Any CPU
		{CEA87938-40E7-4DE1-AE94-E9CC9B158C24}.Release|Any CPU.ActiveCfg = Release|Any CPU
		{CEA87938-40E7-4DE1-AE94-E9CC9B158C24}.Release|Any CPU.Build.0 = Release|Any CPU
	EndGlobalSection
	GlobalSection(SolutionProperties) = preSolution
		HideSolutionNode = FALSE
	EndGlobalSection
	GlobalSection(ExtensibilityGlobals) = postSolution
		SolutionGuid = {E3639BFF-C74F-4042-B8A5-E0751156BDE9}
	EndGlobalSection
EndGlobal
